// !$*UTF8*$!
{
	archiveVersion = 1;
	classes = {
	};
	objectVersion = 56;
	objects = {

/* Begin PBXBuildFile section */
		3342B7752A5413E50061B51D /* AppDelegate.swift in Sources */ = {isa = PBXBuildFile; fileRef = 3342B7742A5413E50061B51D /* AppDelegate.swift */; };
		3342B7772A5413E50061B51D /* SceneDelegate.swift in Sources */ = {isa = PBXBuildFile; fileRef = 3342B7762A5413E50061B51D /* SceneDelegate.swift */; };
		3342B7792A5413E50061B51D /* ViewController.swift in Sources */ = {isa = PBXBuildFile; fileRef = 3342B7782A5413E50061B51D /* ViewController.swift */; };
		3342B77C2A5413E50061B51D /* Main.storyboard in Resources */ = {isa = PBXBuildFile; fileRef = 3342B77A2A5413E50061B51D /* Main.storyboard */; };
		3342B77E2A5413E80061B51D /* Assets.xcassets in Resources */ = {isa = PBXBuildFile; fileRef = 3342B77D2A5413E80061B51D /* Assets.xcassets */; };
		3342B7812A5413E80061B51D /* LaunchScreen.storyboard in Resources */ = {isa = PBXBuildFile; fileRef = 3342B77F2A5413E80061B51D /* LaunchScreen.storyboard */; };
		334F137B2A5E948C0095196C /* CI_BlendKernelSample.png in Resources */ = {isa = PBXBuildFile; fileRef = 334F13792A5E948C0095196C /* CI_BlendKernelSample.png */; };
		334F137C2A5E948C0095196C /* README.md in Resources */ = {isa = PBXBuildFile; fileRef = 334F137A2A5E948C0095196C /* README.md */; };
		334F138E2A5E9EA00095196C /* CI_BlendKernelSample_proc.png in Resources */ = {isa = PBXBuildFile; fileRef = 334F138D2A5E9EA00095196C /* CI_BlendKernelSample_proc.png */; };
		33B0497D2A59E6FF00E6DAAC /* Kernel.metal in Sources */ = {isa = PBXBuildFile; fileRef = 33B0497C2A59E6FF00E6DAAC /* Kernel.metal */; };
/* End PBXBuildFile section */

/* Begin PBXFileReference section */
		3342B7712A5413E50061B51D /* CI_BlendKernelSample.app */ = {isa = PBXFileReference; explicitFileType = wrapper.application; includeInIndex = 0; path = CI_BlendKernelSample.app; sourceTree = BUILT_PRODUCTS_DIR; };
		3342B7742A5413E50061B51D /* AppDelegate.swift */ = {isa = PBXFileReference; lastKnownFileType = sourcecode.swift; path = AppDelegate.swift; sourceTree = "<group>"; };
		3342B7762A5413E50061B51D /* SceneDelegate.swift */ = {isa = PBXFileReference; lastKnownFileType = sourcecode.swift; path = SceneDelegate.swift; sourceTree = "<group>"; };
		3342B7782A5413E50061B51D /* ViewController.swift */ = {isa = PBXFileReference; lastKnownFileType = sourcecode.swift; path = ViewController.swift; sourceTree = "<group>"; };
		3342B77B2A5413E50061B51D /* Base */ = {isa = PBXFileReference; lastKnownFileType = file.storyboard; name = Base; path = Base.lproj/Main.storyboard; sourceTree = "<group>"; };
		3342B77D2A5413E80061B51D /* Assets.xcassets */ = {isa = PBXFileReference; lastKnownFileType = folder.assetcatalog; path = Assets.xcassets; sourceTree = "<group>"; };
		3342B7802A5413E80061B51D /* Base */ = {isa = PBXFileReference; lastKnownFileType = file.storyboard; name = Base; path = Base.lproj/LaunchScreen.storyboard; sourceTree = "<group>"; };
		3342B7822A5413E80061B51D /* Info.plist */ = {isa = PBXFileReference; lastKnownFileType = text.plist.xml; path = Info.plist; sourceTree = "<group>"; };
		334F13792A5E948C0095196C /* CI_BlendKernelSample.png */ = {isa = PBXFileReference; lastKnownFileType = image.png; path = CI_BlendKernelSample.png; sourceTree = "<group>"; };
		334F137A2A5E948C0095196C /* README.md */ = {isa = PBXFileReference; fileEncoding = 4; lastKnownFileType = net.daringfireball.markdown; path = README.md; sourceTree = "<group>"; };
		334F138D2A5E9EA00095196C /* CI_BlendKernelSample_proc.png */ = {isa = PBXFileReference; lastKnownFileType = image.png; path = CI_BlendKernelSample_proc.png; sourceTree = "<group>"; };
		33B0497C2A59E6FF00E6DAAC /* Kernel.metal */ = {isa = PBXFileReference; lastKnownFileType = sourcecode.metal; path = Kernel.metal; sourceTree = "<group>"; };
/* End PBXFileReference section */

/* Begin PBXFrameworksBuildPhase section */
		3342B76E2A5413E50061B51D /* Frameworks */ = {
			isa = PBXFrameworksBuildPhase;
			buildActionMask = 2147483647;
			files = (
			);
			runOnlyForDeploymentPostprocessing = 0;
		};
/* End PBXFrameworksBuildPhase section */

/* Begin PBXGroup section */
		3342B7682A5413E50061B51D = {
			isa = PBXGroup;
			children = (
				334F138D2A5E9EA00095196C /* CI_BlendKernelSample_proc.png */,
				334F13792A5E948C0095196C /* CI_BlendKernelSample.png */,
				334F137A2A5E948C0095196C /* README.md */,
				3342B7732A5413E50061B51D /* CI_BlendKernelSample */,
				3342B7722A5413E50061B51D /* Products */,
			);
			sourceTree = "<group>";
		};
		3342B7722A5413E50061B51D /* Products */ = {
			isa = PBXGroup;
			children = (
				3342B7712A5413E50061B51D /* CI_BlendKernelSample.app */,
			);
			name = Products;
			sourceTree = "<group>";
		};
		3342B7732A5413E50061B51D /* CI_BlendKernelSample */ = {
			isa = PBXGroup;
			children = (
				3342B7742A5413E50061B51D /* AppDelegate.swift */,
				3342B7762A5413E50061B51D /* SceneDelegate.swift */,
				3342B7782A5413E50061B51D /* ViewController.swift */,
				33B0497C2A59E6FF00E6DAAC /* Kernel.metal */,
				3342B77A2A5413E50061B51D /* Main.storyboard */,
				3342B77D2A5413E80061B51D /* Assets.xcassets */,
				3342B77F2A5413E80061B51D /* LaunchScreen.storyboard */,
				3342B7822A5413E80061B51D /* Info.plist */,
			);
			path = CI_BlendKernelSample;
			sourceTree = "<group>";
		};
/* End PBXGroup section */

/* Begin PBXNativeTarget section */
		3342B7702A5413E50061B51D /* CI_BlendKernelSample */ = {
			isa = PBXNativeTarget;
			buildConfigurationList = 3342B7852A5413E80061B51D /* Build configuration list for PBXNativeTarget "CI_BlendKernelSample" */;
			buildPhases = (
				3342B76D2A5413E50061B51D /* Sources */,
				3342B76E2A5413E50061B51D /* Frameworks */,
				3342B76F2A5413E50061B51D /* Resources */,
			);
			buildRules = (
			);
			dependencies = (
			);
			name = CI_BlendKernelSample;
			productName = TestCoreImageFilter;
			productReference = 3342B7712A5413E50061B51D /* CI_BlendKernelSample.app */;
			productType = "com.apple.product-type.application";
		};
/* End PBXNativeTarget section */

/* Begin PBXProject section */
		3342B7692A5413E50061B51D /* Project object */ = {
			isa = PBXProject;
			attributes = {
				BuildIndependentTargetsInParallel = 1;
				LastSwiftUpdateCheck = 1430;
				LastUpgradeCheck = 1430;
				TargetAttributes = {
					3342B7702A5413E50061B51D = {
						CreatedOnToolsVersion = 14.3.1;
					};
				};
			};
			buildConfigurationList = 3342B76C2A5413E50061B51D /* Build configuration list for PBXProject "CI_BlendKernelSample" */;
			compatibilityVersion = "Xcode 14.0";
			developmentRegion = en;
			hasScannedForEncodings = 0;
			knownRegions = (
				en,
				Base,
			);
			mainGroup = 3342B7682A5413E50061B51D;
			productRefGroup = 3342B7722A5413E50061B51D /* Products */;
			projectDirPath = "";
			projectRoot = "";
			targets = (
				3342B7702A5413E50061B51D /* CI_BlendKernelSample */,
			);
		};
/* End PBXProject section */

/* Begin PBXResourcesBuildPhase section */
		3342B76F2A5413E50061B51D /* Resources */ = {
			isa = PBXResourcesBuildPhase;
			buildActionMask = 2147483647;
			files = (
				334F138E2A5E9EA00095196C /* CI_BlendKernelSample_proc.png in Resources */,
				3342B7812A5413E80061B51D /* LaunchScreen.storyboard in Resources */,
				3342B77E2A5413E80061B51D /* Assets.xcassets in Resources */,
				334F137C2A5E948C0095196C /* README.md in Resources */,
				334F137B2A5E948C0095196C /* CI_BlendKernelSample.png in Resources */,
				3342B77C2A5413E50061B51D /* Main.storyboard in Resources */,
			);
			runOnlyForDeploymentPostprocessing = 0;
		};
/* End PBXResourcesBuildPhase section */

/* Begin PBXSourcesBuildPhase section */
		3342B76D2A5413E50061B51D /* Sources */ = {
			isa = PBXSourcesBuildPhase;
			buildActionMask = 2147483647;
			files = (
				3342B7792A5413E50061B51D /* ViewController.swift in Sources */,
				3342B7752A5413E50061B51D /* AppDelegate.swift in Sources */,
				3342B7772A5413E50061B51D /* SceneDelegate.swift in Sources */,
				33B0497D2A59E6FF00E6DAAC /* Kernel.metal in Sources */,
			);
			runOnlyForDeploymentPostprocessing = 0;
		};
/* End PBXSourcesBuildPhase section */

/* Begin PBXVariantGroup section */
		3342B77A2A5413E50061B51D /* Main.storyboard */ = {
			isa = PBXVariantGroup;
			children = (
				3342B77B2A5413E50061B51D /* Base */,
			);
			name = Main.storyboard;
			sourceTree = "<group>";
		};
		3342B77F2A5413E80061B51D /* LaunchScreen.storyboard */ = {
			isa = PBXVariantGroup;
			children = (
				3342B7802A5413E80061B51D /* Base */,
			);
			name = LaunchScreen.storyboard;
			sourceTree = "<group>";
		};
/* End PBXVariantGroup section */

/* Begin XCBuildConfiguration section */
		3342B7832A5413E80061B51D /* Debug */ = {
			isa = XCBuildConfiguration;
			buildSettings = {
				ALWAYS_SEARCH_USER_PATHS = NO;
				CLANG_ANALYZER_NONNULL = YES;
				CLANG_ANALYZER_NUMBER_OBJECT_CONVERSION = YES_AGGRESSIVE;
				CLANG_CXX_LANGUAGE_STANDARD = "gnu++20";
				CLANG_ENABLE_MODULES = YES;
				CLANG_ENABLE_OBJC_ARC = YES;
				CLANG_ENABLE_OBJC_WEAK = YES;
				CLANG_WARN_BLOCK_CAPTURE_AUTORELEASING = YES;
				CLANG_WARN_BOOL_CONVERSION = YES;
				CLANG_WARN_COMMA = YES;
				CLANG_WARN_CONSTANT_CONVERSION = YES;
				CLANG_WARN_DEPRECATED_OBJC_IMPLEMENTATIONS = YES;
				CLANG_WARN_DIRECT_OBJC_ISA_USAGE = YES_ERROR;
				CLANG_WARN_DOCUMENTATION_COMMENTS = YES;
				CLANG_WARN_EMPTY_BODY = YES;
				CLANG_WARN_ENUM_CONVERSION = YES;
				CLANG_WARN_INFINITE_RECURSION = YES;
				CLANG_WARN_INT_CONVERSION = YES;
				CLANG_WARN_NON_LITERAL_NULL_CONVERSION = YES;
				CLANG_WARN_OBJC_IMPLICIT_RETAIN_SELF = YES;
				CLANG_WARN_OBJC_LITERAL_CONVERSION = YES;
				CLANG_WARN_OBJC_ROOT_CLASS = YES_ERROR;
				CLANG_WARN_QUOTED_INCLUDE_IN_FRAMEWORK_HEADER = YES;
				CLANG_WARN_RANGE_LOOP_ANALYSIS = YES;
				CLANG_WARN_STRICT_PROTOTYPES = YES;
				CLANG_WARN_SUSPICIOUS_MOVE = YES;
				CLANG_WARN_UNGUARDED_AVAILABILITY = YES_AGGRESSIVE;
				CLANG_WARN_UNREACHABLE_CODE = YES;
				CLANG_WARN__DUPLICATE_METHOD_MATCH = YES;
				COPY_PHASE_STRIP = NO;
				DEBUG_INFORMATION_FORMAT = dwarf;
				ENABLE_STRICT_OBJC_MSGSEND = YES;
				ENABLE_TESTABILITY = YES;
				GCC_C_LANGUAGE_STANDARD = gnu11;
				GCC_DYNAMIC_NO_PIC = NO;
				GCC_NO_COMMON_BLOCKS = YES;
				GCC_OPTIMIZATION_LEVEL = 0;
				GCC_PREPROCESSOR_DEFINITIONS = (
					"DEBUG=1",
					"$(inherited)",
				);
				GCC_WARN_64_TO_32_BIT_CONVERSION = YES;
				GCC_WARN_ABOUT_RETURN_TYPE = YES_ERROR;
				GCC_WARN_UNDECLARED_SELECTOR = YES;
				GCC_WARN_UNINITIALIZED_AUTOS = YES_AGGRESSIVE;
				GCC_WARN_UNUSED_FUNCTION = YES;
				GCC_WARN_UNUSED_VARIABLE = YES;
				IPHONEOS_DEPLOYMENT_TARGET = 16.4;
				MTLLINKER_FLAGS = "-fcikernel";
				MTL_COMPILER_FLAGS = "-fcikernel";
				MTL_ENABLE_DEBUG_INFO = INCLUDE_SOURCE;
				MTL_FAST_MATH = YES;
				ONLY_ACTIVE_ARCH = YES;
				SDKROOT = iphoneos;
				SWIFT_ACTIVE_COMPILATION_CONDITIONS = DEBUG;
				SWIFT_OPTIMIZATION_LEVEL = "-Onone";
			};
			name = Debug;
		};
		3342B7842A5413E80061B51D /* Release */ = {
			isa = XCBuildConfiguration;
			buildSettings = {
				ALWAYS_SEARCH_USER_PATHS = NO;
				CLANG_ANALYZER_NONNULL = YES;
				CLANG_ANALYZER_NUMBER_OBJECT_CONVERSION = YES_AGGRESSIVE;
				CLANG_CXX_LANGUAGE_STANDARD = "gnu++20";
				CLANG_ENABLE_MODULES = YES;
				CLANG_ENABLE_OBJC_ARC = YES;
				CLANG_ENABLE_OBJC_WEAK = YES;
				CLANG_WARN_BLOCK_CAPTURE_AUTORELEASING = YES;
				CLANG_WARN_BOOL_CONVERSION = YES;
				CLANG_WARN_COMMA = YES;
				CLANG_WARN_CONSTANT_CONVERSION = YES;
				CLANG_WARN_DEPRECATED_OBJC_IMPLEMENTATIONS = YES;
				CLANG_WARN_DIRECT_OBJC_ISA_USAGE = YES_ERROR;
				CLANG_WARN_DOCUMENTATION_COMMENTS = YES;
				CLANG_WARN_EMPTY_BODY = YES;
				CLANG_WARN_ENUM_CONVERSION = YES;
				CLANG_WARN_INFINITE_RECURSION = YES;
				CLANG_WARN_INT_CONVERSION = YES;
				CLANG_WARN_NON_LITERAL_NULL_CONVERSION = YES;
				CLANG_WARN_OBJC_IMPLICIT_RETAIN_SELF = YES;
				CLANG_WARN_OBJC_LITERAL_CONVERSION = YES;
				CLANG_WARN_OBJC_ROOT_CLASS = YES_ERROR;
				CLANG_WARN_QUOTED_INCLUDE_IN_FRAMEWORK_HEADER = YES;
				CLANG_WARN_RANGE_LOOP_ANALYSIS = YES;
				CLANG_WARN_STRICT_PROTOTYPES = YES;
				CLANG_WARN_SUSPICIOUS_MOVE = YES;
				CLANG_WARN_UNGUARDED_AVAILABILITY = YES_AGGRESSIVE;
				CLANG_WARN_UNREACHABLE_CODE = YES;
				CLANG_WARN__DUPLICATE_METHOD_MATCH = YES;
				COPY_PHASE_STRIP = NO;
				DEBUG_INFORMATION_FORMAT = "dwarf-with-dsym";
				ENABLE_NS_ASSERTIONS = NO;
				ENABLE_STRICT_OBJC_MSGSEND = YES;
				GCC_C_LANGUAGE_STANDARD = gnu11;
				GCC_NO_COMMON_BLOCKS = YES;
				GCC_WARN_64_TO_32_BIT_CONVERSION = YES;
				GCC_WARN_ABOUT_RETURN_TYPE = YES_ERROR;
				GCC_WARN_UNDECLARED_SELECTOR = YES;
				GCC_WARN_UNINITIALIZED_AUTOS = YES_AGGRESSIVE;
				GCC_WARN_UNUSED_FUNCTION = YES;
				GCC_WARN_UNUSED_VARIABLE = YES;
				IPHONEOS_DEPLOYMENT_TARGET = 16.4;
				MTLLINKER_FLAGS = "-fcikernel";
				MTL_COMPILER_FLAGS = "-fcikernel";
				MTL_ENABLE_DEBUG_INFO = NO;
				MTL_FAST_MATH = YES;
				SDKROOT = iphoneos;
				SWIFT_COMPILATION_MODE = wholemodule;
				SWIFT_OPTIMIZATION_LEVEL = "-O";
				VALIDATE_PRODUCT = YES;
			};
			name = Release;
		};
		3342B7862A5413E80061B51D /* Debug */ = {
			isa = XCBuildConfiguration;
			buildSettings = {
				ASSETCATALOG_COMPILER_APPICON_NAME = AppIcon;
				ASSETCATALOG_COMPILER_GLOBAL_ACCENT_COLOR_NAME = AccentColor;
				CODE_SIGN_STYLE = Automatic;
				CURRENT_PROJECT_VERSION = 1;
				DEVELOPMENT_TEAM = "";
				GENERATE_INFOPLIST_FILE = YES;
				INFOPLIST_FILE = CI_BlendKernelSample/Info.plist;
				INFOPLIST_KEY_NSPhotoLibraryAddUsageDescription = "画像を保存したい！！";
				INFOPLIST_KEY_UIApplicationSupportsIndirectInputEvents = YES;
				INFOPLIST_KEY_UILaunchStoryboardName = LaunchScreen;
				INFOPLIST_KEY_UIMainStoryboardFile = Main;
				INFOPLIST_KEY_UISupportedInterfaceOrientations_iPad = "UIInterfaceOrientationPortrait UIInterfaceOrientationPortraitUpsideDown UIInterfaceOrientationLandscapeLeft UIInterfaceOrientationLandscapeRight";
				INFOPLIST_KEY_UISupportedInterfaceOrientations_iPhone = "UIInterfaceOrientationPortrait UIInterfaceOrientationLandscapeLeft UIInterfaceOrientationLandscapeRight";
				LD_RUNPATH_SEARCH_PATHS = (
					"$(inherited)",
					"@executable_path/Frameworks",
				);
				MARKETING_VERSION = 1.0;
				PRODUCT_BUNDLE_IDENTIFIER = "com.63rabbits.CI-BlendKernelSample";
				PRODUCT_NAME = "$(TARGET_NAME)";
				SWIFT_EMIT_LOC_STRINGS = YES;
				SWIFT_VERSION = 5.0;
				TARGETED_DEVICE_FAMILY = "1,2";
			};
			name = Debug;
		};
		3342B7872A5413E80061B51D /* Release */ = {
			isa = XCBuildConfiguration;
			buildSettings = {
				ASSETCATALOG_COMPILER_APPICON_NAME = AppIcon;
				ASSETCATALOG_COMPILER_GLOBAL_ACCENT_COLOR_NAME = AccentColor;
				CODE_SIGN_STYLE = Automatic;
				CURRENT_PROJECT_VERSION = 1;
				DEVELOPMENT_TEAM = "";
				GENERATE_INFOPLIST_FILE = YES;
				INFOPLIST_FILE = CI_BlendKernelSample/Info.plist;
				INFOPLIST_KEY_NSPhotoLibraryAddUsageDescription = "画像を保存したい！！";
				INFOPLIST_KEY_UIApplicationSupportsIndirectInputEvents = YES;
				INFOPLIST_KEY_UILaunchStoryboardName = LaunchScreen;
				INFOPLIST_KEY_UIMainStoryboardFile = Main;
				INFOPLIST_KEY_UISupportedInterfaceOrientations_iPad = "UIInterfaceOrientationPortrait UIInterfaceOrientationPortraitUpsideDown UIInterfaceOrientationLandscapeLeft UIInterfaceOrientationLandscapeRight";
				INFOPLIST_KEY_UISupportedInterfaceOrientations_iPhone = "UIInterfaceOrientationPortrait UIInterfaceOrientationLandscapeLeft UIInterfaceOrientationLandscapeRight";
				LD_RUNPATH_SEARCH_PATHS = (
					"$(inherited)",
					"@executable_path/Frameworks",
				);
				MARKETING_VERSION = 1.0;
				PRODUCT_BUNDLE_IDENTIFIER = "com.63rabbits.CI-BlendKernelSample";
				PRODUCT_NAME = "$(TARGET_NAME)";
				SWIFT_EMIT_LOC_STRINGS = YES;
				SWIFT_VERSION = 5.0;
				TARGETED_DEVICE_FAMILY = "1,2";
			};
			name = Release;
		};
/* End XCBuildConfiguration section */

/* Begin XCConfigurationList section */
		3342B76C2A5413E50061B51D /* Build configuration list for PBXProject "CI_BlendKernelSample" */ = {
			isa = XCConfigurationList;
			buildConfigurations = (
				3342B7832A5413E80061B51D /* Debug */,
				3342B7842A5413E80061B51D /* Release */,
			);
			defaultConfigurationIsVisible = 0;
			defaultConfigurationName = Release;
		};
		3342B7852A5413E80061B51D /* Build configuration list for PBXNativeTarget "CI_BlendKernelSample" */ = {
			isa = XCConfigurationList;
			buildConfigurations = (
				3342B7862A5413E80061B51D /* Debug */,
				3342B7872A5413E80061B51D /* Release */,
			);
			defaultConfigurationIsVisible = 0;
			defaultConfigurationName = Release;
		};
/* End XCConfigurationList section */
	};
	rootObject = 3342B7692A5413E50061B51D /* Project object */;
}
